
Microsoft Visual Studio Solution File, Format Version 12.00
# Visual Studio Version 16
VisualStudioVersion = 16.0.28803.352
MinimumVisualStudioVersion = 10.0.40219.1
Project("{9A19103F-16F7-4668-BE54-9A1E7A4F7556}") = "PlayerScout.WebAPI", "PlayerScout.WebAPI\PlayerScout.WebAPI.csproj", "{A79CFDD8-E2A2-4AF2-8B1F-A2EF1B5E1006}"
EndProject
Project("{9A19103F-16F7-4668-BE54-9A1E7A4F7556}") = "PlayerScout.Data", "PlayerScout.Data\PlayerScout.Data.csproj", "{D202A441-030F-492F-8F1D-C5BD5D96BB97}"
EndProject
Project("{9A19103F-16F7-4668-BE54-9A1E7A4F7556}") = "PlayerScout.Common", "PlayerScout.Common\PlayerScout.Common.csproj", "{D0731956-6986-4577-92B9-72083D7CB9F7}"
EndProject
Global
	GlobalSection(SolutionConfigurationPlatforms) = preSolution
		Debug|Any CPU = Debug|Any CPU
		Release|Any CPU = Release|Any CPU
	EndGlobalSection
	GlobalSection(ProjectConfigurationPlatforms) = postSolution
		{A79CFDD8-E2A2-4AF2-8B1F-A2EF1B5E1006}.Debug|Any CPU.ActiveCfg = Debug|Any CPU
		{A79CFDD8-E2A2-4AF2-8B1F-A2EF1B5E1006}.Debug|Any CPU.Build.0 = Debug|Any CPU
		{A79CFDD8-E2A2-4AF2-8B1F-A2EF1B5E1006}.Release|Any CPU.ActiveCfg = Release|Any CPU
		{A79CFDD8-E2A2-4AF2-8B1F-A2EF1B5E1006}.Release|Any CPU.Build.0 = Release|Any CPU
		{D202A441-030F-492F-8F1D-C5BD5D96BB97}.Debug|Any CPU.ActiveCfg = Debug|Any CPU
		{D202A441-030F-492F-8F1D-C5BD5D96BB97}.Debug|Any CPU.Build.0 = Debug|Any CPU
		{D202A441-030F-492F-8F1D-C5BD5D96BB97}.Release|Any CPU.ActiveCfg = Release|Any CPU
		{D202A441-030F-492F-8F1D-C5BD5D96BB97}.Release|Any CPU.Build.0 = Release|Any CPU
		{D0731956-6986-4577-92B9-72083D7CB9F7}.Debug|Any CPU.ActiveCfg = Debug|Any CPU
		{D0731956-6986-4577-92B9-72083D7CB9F7}.Debug|Any CPU.Build.0 = Debug|Any CPU
		{D0731956-6986-4577-92B9-72083D7CB9F7}.Release|Any CPU.ActiveCfg = Release|Any CPU
		{D0731956-6986-4577-92B9-72083D7CB9F7}.Release|Any CPU.Build.0 = Release|Any CPU
	EndGlobalSection
	GlobalSection(SolutionProperties) = preSolution
		HideSolutionNode = FALSE
	EndGlobalSection
	GlobalSection(ExtensibilityGlobals) = postSolution
		SolutionGuid = {05726F30-E84A-4734-9CD5-D1C4CCCEA942}
	EndGlobalSection
EndGlobal
